
Microsoft Visual Studio Solution File, Format Version 12.00
# Visual Studio Version 17
VisualStudioVersion = 17.9.34714.143
MinimumVisualStudioVersion = 10.0.40219.1
Project("{FAE04EC0-301F-11D3-BF4B-00C04F79EFBC}") = "Lab7", "Lab7.csproj", "{CFE20DF4-D152-4F09-B98A-E35BB8024559}"
EndProject
Global
	GlobalSection(SolutionConfigurationPlatforms) = preSolution
		Debug|Any CPU = Debug|Any CPU
		Release|Any CPU = Release|Any CPU
	EndGlobalSection
	GlobalSection(ProjectConfigurationPlatforms) = postSolution
		{CFE20DF4-D152-4F09-B98A-E35BB8024559}.Debug|Any CPU.ActiveCfg = Debug|Any CPU
		{CFE20DF4-D152-4F09-B98A-E35BB8024559}.Debug|Any CPU.Build.0 = Debug|Any CPU
		{CFE20DF4-D152-4F09-B98A-E35BB8024559}.Release|Any CPU.ActiveCfg = Release|Any CPU
		{CFE20DF4-D152-4F09-B98A-E35BB8024559}.Release|Any CPU.Build.0 = Release|Any CPU
	EndGlobalSection
	GlobalSection(SolutionProperties) = preSolution
		HideSolutionNode = FALSE
	EndGlobalSection
	GlobalSection(ExtensibilityGlobals) = postSolution
		SolutionGuid = {6F54E89B-C1FD-4479-BC54-FEB45237F846}
	EndGlobalSection
EndGlobal
